
Microsoft Visual Studio Solution File, Format Version 12.00
# Visual Studio Version 16
VisualStudioVersion = 16.0.30011.22
MinimumVisualStudioVersion = 10.0.40219.1
Project("{9A19103F-16F7-4668-BE54-9A1E7A4F7556}") = "QueryAny", "QueryAny\QueryAny.csproj", "{875F64B1-A821-45A7-BE41-432AF80051C2}"
EndProject
Project("{9A19103F-16F7-4668-BE54-9A1E7A4F7556}") = "QueryAny.Primitives", "QueryAny.Primitives\QueryAny.Primitives.csproj", "{559631D0-2556-40E6-9027-23EE38CC2C48}"
EndProject
Project("{9A19103F-16F7-4668-BE54-9A1E7A4F7556}") = "QueryAny.UnitTests", "QueryAny.UnitTests\QueryAny.UnitTests.csproj", "{709FD18A-516A-43AD-8D89-F85C230CA74F}"
EndProject
Project("{2150E333-8FDC-42A3-9474-1A3956D46DE8}") = "ReferenceImplementation", "ReferenceImplementation", "{5D6906B8-B50B-4E20-8677-5D364F9840F6}"
ProjectSection(SolutionItems) = preProject
	..\samples\ri\README.md = ..\samples\ri\README.md
	..\samples\ri\Dependencies.argr = ..\samples\ri\Dependencies.argr
EndProjectSection
EndProject
Project("{9A19103F-16F7-4668-BE54-9A1E7A4F7556}") = "CarsDomain", "..\samples\ri\CarsDomain\CarsDomain.csproj", "{976E2F12-0A56-4A6D-A2D0-44E6C59FAB91}"
EndProject
Project("{9A19103F-16F7-4668-BE54-9A1E7A4F7556}") = "Storage.Interfaces", "..\samples\ri\Storage.Interfaces\Storage.Interfaces.csproj", "{5D40AABA-D31A-4D9F-B997-5FB8772D69EF}"
EndProject
Project("{9A19103F-16F7-4668-BE54-9A1E7A4F7556}") = "Domain.Interfaces", "..\samples\ri\Domain.Interfaces\Domain.Interfaces.csproj", "{562FA530-3242-49B8-BA06-A66E5CD4ED63}"
EndProject
Project("{9A19103F-16F7-4668-BE54-9A1E7A4F7556}") = "CarsApi", "..\samples\ri\CarsApi\CarsApi.csproj", "{8583CDF9-BE01-4C0F-995D-81C2C82CBB0A}"
EndProject
Project("{9A19103F-16F7-4668-BE54-9A1E7A4F7556}") = "Storage", "..\samples\ri\Storage\Storage.csproj", "{C7E52D4B-0163-49D9-BF0F-549DBCBA25F1}"
EndProject
Project("{9A19103F-16F7-4668-BE54-9A1E7A4F7556}") = "Storage.UnitTests", "..\samples\ri\Storage.UnitTests\Storage.UnitTests.csproj", "{CA91C5A2-AB58-44DE-A72D-8E985717FCC5}"
EndProject
Project("{9A19103F-16F7-4668-BE54-9A1E7A4F7556}") = "CarsApi.IntegrationTests", "..\samples\ri\CarsApi.IntegrationTests\CarsApi.IntegrationTests.csproj", "{B0069B0D-5233-420E-963F-AEB119186387}"
EndProject
Project("{2150E333-8FDC-42A3-9474-1A3956D46DE8}") = "Tests", "Tests", "{D3EDC65E-B76F-40B0-9EEC-CCA172D0B165}"
EndProject
Project("{9A19103F-16F7-4668-BE54-9A1E7A4F7556}") = "Domain.Interfaces.UnitTests", "..\samples\ri\Domain.Interfaces.UnitTests\Domain.Interfaces.UnitTests.csproj", "{11F7A98D-31B4-45BC-9149-2AA630624871}"
EndProject
Project("{FAE04EC0-301F-11D3-BF4B-00C04F79EFBC}") = "CarsApi.UnitTests", "..\samples\ri\CarsApi.UnitTests\CarsApi.UnitTests.csproj", "{FF2C1DD8-2EFD-4B9A-8E99-AB8CCA2C9231}"
EndProject
Project("{2150E333-8FDC-42A3-9474-1A3956D46DE8}") = "Tests", "Tests", "{99D91965-EF25-4B2C-B176-133B8D47B399}"
EndProject
Project("{FAE04EC0-301F-11D3-BF4B-00C04F79EFBC}") = "Storage.IntegrationTests", "..\samples\ri\Storage.IntegrationTests\Storage.IntegrationTests.csproj", "{E5C8214A-52F1-4F1C-BFEB-FCAF03113FA1}"
EndProject
Project("{FAE04EC0-301F-11D3-BF4B-00C04F79EFBC}") = "Storage.Azure", "..\samples\ri\Storage.Azure\Storage.Azure.csproj", "{CA7816F3-2999-4241-A496-64DC0592ABDF}"
EndProject
Project("{FAE04EC0-301F-11D3-BF4B-00C04F79EFBC}") = "Storage.Redis", "..\samples\ri\Storage.Redis\Storage.Redis.csproj", "{4B5E98F2-B735-438A-BA18-AD066353327C}"
EndProject
Project("{2150E333-8FDC-42A3-9474-1A3956D46DE8}") = "Infrastructure", "Infrastructure", "{E6711455-2661-4F8A-B4AD-9BC8D1B714E7}"
EndProject
Project("{2150E333-8FDC-42A3-9474-1A3956D46DE8}") = "Domain", "Domain", "{08E8B670-C69E-4F8E-BEB8-26CA3FC9CA52}"
EndProject
Project("{2150E333-8FDC-42A3-9474-1A3956D46DE8}") = "Tests", "Tests", "{B9AFDC89-A403-402E-807C-22C4138FDAF5}"
EndProject
Project("{FAE04EC0-301F-11D3-BF4B-00C04F79EFBC}") = "CarsDomain.UnitTests", "..\samples\ri\CarsDomain.UnitTests\CarsDomain.UnitTests.csproj", "{3029E4C1-2634-46F2-B834-D19BECA690AA}"
EndProject
Project("{FAE04EC0-301F-11D3-BF4B-00C04F79EFBC}") = "CarsStorage", "..\samples\ri\CarsStorage\CarsStorage.csproj", "{736FAD9F-34D6-40FC-B96A-421DAC4AA8E0}"
EndProject
Project("{2150E333-8FDC-42A3-9474-1A3956D46DE8}") = "Library", "Library", "{2DBACB3F-7FEC-4941-ADC8-9910228BD3C4}"
ProjectSection(SolutionItems) = preProject
	..\README.md = ..\README.md
	GlobalAssemblyInfo.cs = GlobalAssemblyInfo.cs
EndProjectSection
EndProject
Project("{FAE04EC0-301F-11D3-BF4B-00C04F79EFBC}") = "Api.Interfaces", "..\samples\ri\Api.Interfaces\Api.Interfaces.csproj", "{36B00FBC-4B3F-441C-97F2-CF2B7F9AEF78}"
EndProject
Project("{FAE04EC0-301F-11D3-BF4B-00C04F79EFBC}") = "Api.Interfaces.UnitTests", "..\samples\ri\Api.Interfaces.UnitTests\Api.Interfaces.UnitTests.csproj", "{A55A630B-FA36-4CD8-A58F-FB4612DC90DE}"
EndProject
Project("{2150E333-8FDC-42A3-9474-1A3956D46DE8}") = "Application", "Application", "{76316613-E7F3-4B87-8E75-6C7F19480789}"
EndProject
Project("{2150E333-8FDC-42A3-9474-1A3956D46DE8}") = "Tests", "Tests", "{D560B414-B996-4B5B-AFE4-82194FD9BFA1}"
EndProject
Project("{FAE04EC0-301F-11D3-BF4B-00C04F79EFBC}") = "CarsApplication", "..\samples\ri\CarsApplication\CarsApplication.csproj", "{1C1997E3-49C7-43BE-97B3-C222C06599DB}"
EndProject
Project("{FAE04EC0-301F-11D3-BF4B-00C04F79EFBC}") = "CarsApplication.UnitTests", "..\samples\ri\CarsApplication.UnitTests\CarsApplication.UnitTests.csproj", "{EB299A47-A777-4B8F-A930-CEBA71B8598E}"
EndProject
Project("{FAE04EC0-301F-11D3-BF4B-00C04F79EFBC}") = "Storage.Sql", "..\samples\ri\Storage.Sql\Storage.Sql.csproj", "{77E408DB-2BDA-4F4F-9814-C756C32236C8}"
EndProject
Project("{FAE04EC0-301F-11D3-BF4B-00C04F79EFBC}") = "PersonsStorage", "..\samples\ri\PersonsStorage\PersonsStorage.csproj", "{854C1631-AF97-4973-875D-C94C8E335B97}"
EndProject
Project("{FAE04EC0-301F-11D3-BF4B-00C04F79EFBC}") = "PersonsApplication", "..\samples\ri\PersonsApplication\PersonsApplication.csproj", "{28113685-32E3-4650-A911-DCEC1796ADA3}"
EndProject
Project("{FAE04EC0-301F-11D3-BF4B-00C04F79EFBC}") = "PersonsDomain", "..\samples\ri\PersonsDomain\PersonsDomain.csproj", "{03BA38E2-8ECA-4A51-A60B-93B4190CF283}"
EndProject
Project("{FAE04EC0-301F-11D3-BF4B-00C04F79EFBC}") = "ApplicationServices", "..\samples\ri\ApplicationServices\ApplicationServices.csproj", "{CC4F4F32-CADA-46FB-8AF9-456EFF3D2AD7}"
EndProject
Project("{FAE04EC0-301F-11D3-BF4B-00C04F79EFBC}") = "PersonsDomain.UnitTests", "..\samples\ri\PersonsDomain.UnitTests\PersonsDomain.UnitTests.csproj", "{B9523DE9-1A97-41D3-8E0D-98CEBA310754}"
EndProject
Project("{FAE04EC0-301F-11D3-BF4B-00C04F79EFBC}") = "PersonsApi", "..\samples\ri\PersonsApi\PersonsApi.csproj", "{0FC1A2C4-DAE5-41D3-B0AE-9BEE97B4BA1A}"
EndProject
Project("{FAE04EC0-301F-11D3-BF4B-00C04F79EFBC}") = "Api.Common", "..\samples\ri\Api.Common\Api.Common.csproj", "{4341EB4D-3FA2-43A9-9A02-52FBC8038F50}"
EndProject
Project("{FAE04EC0-301F-11D3-BF4B-00C04F79EFBC}") = "Api.Common.UnitTests", "..\samples\ri\Api.Common.UnitTests\Api.Common.UnitTests.csproj", "{15E36DF4-E90D-40BC-AE8F-BC42412E25D8}"
EndProject
Project("{FAE04EC0-301F-11D3-BF4B-00C04F79EFBC}") = "PersonsApi.UnitTests", "..\samples\ri\PersonsApi.UnitTests\PersonsApi.UnitTests.csproj", "{A04EA971-11A3-454E-9BE1-E6BEF135B434}"
EndProject
Project("{FAE04EC0-301F-11D3-BF4B-00C04F79EFBC}") = "PersonsApi.IntegrationTests", "..\samples\ri\PersonsApi.IntegrationTests\PersonsApi.IntegrationTests.csproj", "{6041644A-BD2E-422D-B0C6-CD227458D60A}"
EndProject
Project("{FAE04EC0-301F-11D3-BF4B-00C04F79EFBC}") = "PersonsApplication.UnitTests", "..\samples\ri\PersonsApplication.UnitTests\PersonsApplication.UnitTests.csproj", "{F4D4BFF1-7E71-4489-9342-B003D1CFE53F}"
EndProject
Project("{2150E333-8FDC-42A3-9474-1A3956D46DE8}") = "Web", "Web", "{6347629E-E044-4219-9C3B-4F061B5190B0}"
EndProject
Project("{2150E333-8FDC-42A3-9474-1A3956D46DE8}") = "Storage", "Storage", "{0A22EC73-6FA4-4295-A7B7-9F45533F646E}"
EndProject
Project("{2150E333-8FDC-42A3-9474-1A3956D46DE8}") = "Tests", "Tests", "{69CECF7A-5A70-4F9F-821E-BA0EB030D8A9}"
EndProject
Project("{FAE04EC0-301F-11D3-BF4B-00C04F79EFBC}") = "ServiceClients", "..\samples\ri\ServiceClients\ServiceClients.csproj", "{972B82A1-81D3-4986-9C15-65B1B2476D3E}"
EndProject
Project("{FAE04EC0-301F-11D3-BF4B-00C04F79EFBC}") = "DomainServices", "..\samples\ri\DomainServices\DomainServices.csproj", "{486EC6F2-5CC4-48EB-9CA6-6B8FF26B2110}"
EndProject
Project("{FAE04EC0-301F-11D3-BF4B-00C04F79EFBC}") = "Storage.ReadModels", "..\samples\ri\Storage.ReadModels\Storage.ReadModels.csproj", "{8C13F83E-9262-46A7-8C1E-B307B48CAC35}"
EndProject
Global
	GlobalSection(SolutionConfigurationPlatforms) = preSolution
		Debug|Any CPU = Debug|Any CPU
		Release|Any CPU = Release|Any CPU
	EndGlobalSection
	GlobalSection(ProjectConfigurationPlatforms) = postSolution
		{875F64B1-A821-45A7-BE41-432AF80051C2}.Debug|Any CPU.ActiveCfg = Debug|Any CPU
		{875F64B1-A821-45A7-BE41-432AF80051C2}.Debug|Any CPU.Build.0 = Debug|Any CPU
		{875F64B1-A821-45A7-BE41-432AF80051C2}.Release|Any CPU.ActiveCfg = Release|Any CPU
		{875F64B1-A821-45A7-BE41-432AF80051C2}.Release|Any CPU.Build.0 = Release|Any CPU
		{709FD18A-516A-43AD-8D89-F85C230CA74F}.Debug|Any CPU.ActiveCfg = Debug|Any CPU
		{709FD18A-516A-43AD-8D89-F85C230CA74F}.Debug|Any CPU.Build.0 = Debug|Any CPU
		{709FD18A-516A-43AD-8D89-F85C230CA74F}.Release|Any CPU.ActiveCfg = Release|Any CPU
		{709FD18A-516A-43AD-8D89-F85C230CA74F}.Release|Any CPU.Build.0 = Release|Any CPU
		{976E2F12-0A56-4A6D-A2D0-44E6C59FAB91}.Debug|Any CPU.ActiveCfg = Debug|Any CPU
		{976E2F12-0A56-4A6D-A2D0-44E6C59FAB91}.Debug|Any CPU.Build.0 = Debug|Any CPU
		{976E2F12-0A56-4A6D-A2D0-44E6C59FAB91}.Release|Any CPU.ActiveCfg = Release|Any CPU
		{976E2F12-0A56-4A6D-A2D0-44E6C59FAB91}.Release|Any CPU.Build.0 = Release|Any CPU
		{5D40AABA-D31A-4D9F-B997-5FB8772D69EF}.Debug|Any CPU.ActiveCfg = Debug|Any CPU
		{5D40AABA-D31A-4D9F-B997-5FB8772D69EF}.Debug|Any CPU.Build.0 = Debug|Any CPU
		{5D40AABA-D31A-4D9F-B997-5FB8772D69EF}.Release|Any CPU.ActiveCfg = Release|Any CPU
		{5D40AABA-D31A-4D9F-B997-5FB8772D69EF}.Release|Any CPU.Build.0 = Release|Any CPU
		{562FA530-3242-49B8-BA06-A66E5CD4ED63}.Debug|Any CPU.ActiveCfg = Debug|Any CPU
		{562FA530-3242-49B8-BA06-A66E5CD4ED63}.Debug|Any CPU.Build.0 = Debug|Any CPU
		{562FA530-3242-49B8-BA06-A66E5CD4ED63}.Release|Any CPU.ActiveCfg = Release|Any CPU
		{562FA530-3242-49B8-BA06-A66E5CD4ED63}.Release|Any CPU.Build.0 = Release|Any CPU
		{8583CDF9-BE01-4C0F-995D-81C2C82CBB0A}.Debug|Any CPU.ActiveCfg = Debug|Any CPU
		{8583CDF9-BE01-4C0F-995D-81C2C82CBB0A}.Debug|Any CPU.Build.0 = Debug|Any CPU
		{8583CDF9-BE01-4C0F-995D-81C2C82CBB0A}.Release|Any CPU.ActiveCfg = Release|Any CPU
		{8583CDF9-BE01-4C0F-995D-81C2C82CBB0A}.Release|Any CPU.Build.0 = Release|Any CPU
		{C7E52D4B-0163-49D9-BF0F-549DBCBA25F1}.Debug|Any CPU.ActiveCfg = Debug|Any CPU
		{C7E52D4B-0163-49D9-BF0F-549DBCBA25F1}.Debug|Any CPU.Build.0 = Debug|Any CPU
		{C7E52D4B-0163-49D9-BF0F-549DBCBA25F1}.Release|Any CPU.ActiveCfg = Release|Any CPU
		{C7E52D4B-0163-49D9-BF0F-549DBCBA25F1}.Release|Any CPU.Build.0 = Release|Any CPU
		{CA91C5A2-AB58-44DE-A72D-8E985717FCC5}.Debug|Any CPU.ActiveCfg = Debug|Any CPU
		{CA91C5A2-AB58-44DE-A72D-8E985717FCC5}.Debug|Any CPU.Build.0 = Debug|Any CPU
		{CA91C5A2-AB58-44DE-A72D-8E985717FCC5}.Release|Any CPU.ActiveCfg = Release|Any CPU
		{CA91C5A2-AB58-44DE-A72D-8E985717FCC5}.Release|Any CPU.Build.0 = Release|Any CPU
		{B0069B0D-5233-420E-963F-AEB119186387}.Debug|Any CPU.ActiveCfg = Debug|Any CPU
		{B0069B0D-5233-420E-963F-AEB119186387}.Debug|Any CPU.Build.0 = Debug|Any CPU
		{B0069B0D-5233-420E-963F-AEB119186387}.Release|Any CPU.ActiveCfg = Release|Any CPU
		{B0069B0D-5233-420E-963F-AEB119186387}.Release|Any CPU.Build.0 = Release|Any CPU
		{559631D0-2556-40E6-9027-23EE38CC2C48}.Debug|Any CPU.ActiveCfg = Debug|Any CPU
		{559631D0-2556-40E6-9027-23EE38CC2C48}.Debug|Any CPU.Build.0 = Debug|Any CPU
		{559631D0-2556-40E6-9027-23EE38CC2C48}.Release|Any CPU.ActiveCfg = Release|Any CPU
		{559631D0-2556-40E6-9027-23EE38CC2C48}.Release|Any CPU.Build.0 = Release|Any CPU
		{11F7A98D-31B4-45BC-9149-2AA630624871}.Debug|Any CPU.ActiveCfg = Debug|Any CPU
		{11F7A98D-31B4-45BC-9149-2AA630624871}.Debug|Any CPU.Build.0 = Debug|Any CPU
		{11F7A98D-31B4-45BC-9149-2AA630624871}.Release|Any CPU.ActiveCfg = Release|Any CPU
		{11F7A98D-31B4-45BC-9149-2AA630624871}.Release|Any CPU.Build.0 = Release|Any CPU
		{FF2C1DD8-2EFD-4B9A-8E99-AB8CCA2C9231}.Debug|Any CPU.ActiveCfg = Debug|Any CPU
		{FF2C1DD8-2EFD-4B9A-8E99-AB8CCA2C9231}.Debug|Any CPU.Build.0 = Debug|Any CPU
		{FF2C1DD8-2EFD-4B9A-8E99-AB8CCA2C9231}.Release|Any CPU.ActiveCfg = Release|Any CPU
		{FF2C1DD8-2EFD-4B9A-8E99-AB8CCA2C9231}.Release|Any CPU.Build.0 = Release|Any CPU
		{E5C8214A-52F1-4F1C-BFEB-FCAF03113FA1}.Debug|Any CPU.ActiveCfg = Debug|Any CPU
		{E5C8214A-52F1-4F1C-BFEB-FCAF03113FA1}.Debug|Any CPU.Build.0 = Debug|Any CPU
		{E5C8214A-52F1-4F1C-BFEB-FCAF03113FA1}.Release|Any CPU.ActiveCfg = Release|Any CPU
		{E5C8214A-52F1-4F1C-BFEB-FCAF03113FA1}.Release|Any CPU.Build.0 = Release|Any CPU
		{CA7816F3-2999-4241-A496-64DC0592ABDF}.Debug|Any CPU.ActiveCfg = Debug|Any CPU
		{CA7816F3-2999-4241-A496-64DC0592ABDF}.Debug|Any CPU.Build.0 = Debug|Any CPU
		{CA7816F3-2999-4241-A496-64DC0592ABDF}.Release|Any CPU.ActiveCfg = Release|Any CPU
		{CA7816F3-2999-4241-A496-64DC0592ABDF}.Release|Any CPU.Build.0 = Release|Any CPU
		{4B5E98F2-B735-438A-BA18-AD066353327C}.Debug|Any CPU.ActiveCfg = Debug|Any CPU
		{4B5E98F2-B735-438A-BA18-AD066353327C}.Debug|Any CPU.Build.0 = Debug|Any CPU
		{4B5E98F2-B735-438A-BA18-AD066353327C}.Release|Any CPU.ActiveCfg = Release|Any CPU
		{4B5E98F2-B735-438A-BA18-AD066353327C}.Release|Any CPU.Build.0 = Release|Any CPU
		{3029E4C1-2634-46F2-B834-D19BECA690AA}.Debug|Any CPU.ActiveCfg = Debug|Any CPU
		{3029E4C1-2634-46F2-B834-D19BECA690AA}.Debug|Any CPU.Build.0 = Debug|Any CPU
		{3029E4C1-2634-46F2-B834-D19BECA690AA}.Release|Any CPU.ActiveCfg = Release|Any CPU
		{3029E4C1-2634-46F2-B834-D19BECA690AA}.Release|Any CPU.Build.0 = Release|Any CPU
		{736FAD9F-34D6-40FC-B96A-421DAC4AA8E0}.Debug|Any CPU.ActiveCfg = Debug|Any CPU
		{736FAD9F-34D6-40FC-B96A-421DAC4AA8E0}.Debug|Any CPU.Build.0 = Debug|Any CPU
		{736FAD9F-34D6-40FC-B96A-421DAC4AA8E0}.Release|Any CPU.ActiveCfg = Release|Any CPU
		{736FAD9F-34D6-40FC-B96A-421DAC4AA8E0}.Release|Any CPU.Build.0 = Release|Any CPU
		{36B00FBC-4B3F-441C-97F2-CF2B7F9AEF78}.Debug|Any CPU.ActiveCfg = Debug|Any CPU
		{36B00FBC-4B3F-441C-97F2-CF2B7F9AEF78}.Debug|Any CPU.Build.0 = Debug|Any CPU
		{36B00FBC-4B3F-441C-97F2-CF2B7F9AEF78}.Release|Any CPU.ActiveCfg = Release|Any CPU
		{36B00FBC-4B3F-441C-97F2-CF2B7F9AEF78}.Release|Any CPU.Build.0 = Release|Any CPU
		{A55A630B-FA36-4CD8-A58F-FB4612DC90DE}.Debug|Any CPU.ActiveCfg = Debug|Any CPU
		{A55A630B-FA36-4CD8-A58F-FB4612DC90DE}.Debug|Any CPU.Build.0 = Debug|Any CPU
		{A55A630B-FA36-4CD8-A58F-FB4612DC90DE}.Release|Any CPU.ActiveCfg = Release|Any CPU
		{A55A630B-FA36-4CD8-A58F-FB4612DC90DE}.Release|Any CPU.Build.0 = Release|Any CPU
		{1C1997E3-49C7-43BE-97B3-C222C06599DB}.Debug|Any CPU.ActiveCfg = Debug|Any CPU
		{1C1997E3-49C7-43BE-97B3-C222C06599DB}.Debug|Any CPU.Build.0 = Debug|Any CPU
		{1C1997E3-49C7-43BE-97B3-C222C06599DB}.Release|Any CPU.ActiveCfg = Release|Any CPU
		{1C1997E3-49C7-43BE-97B3-C222C06599DB}.Release|Any CPU.Build.0 = Release|Any CPU
		{EB299A47-A777-4B8F-A930-CEBA71B8598E}.Debug|Any CPU.ActiveCfg = Debug|Any CPU
		{EB299A47-A777-4B8F-A930-CEBA71B8598E}.Debug|Any CPU.Build.0 = Debug|Any CPU
		{EB299A47-A777-4B8F-A930-CEBA71B8598E}.Release|Any CPU.ActiveCfg = Release|Any CPU
		{EB299A47-A777-4B8F-A930-CEBA71B8598E}.Release|Any CPU.Build.0 = Release|Any CPU
		{77E408DB-2BDA-4F4F-9814-C756C32236C8}.Debug|Any CPU.ActiveCfg = Debug|Any CPU
		{77E408DB-2BDA-4F4F-9814-C756C32236C8}.Debug|Any CPU.Build.0 = Debug|Any CPU
		{77E408DB-2BDA-4F4F-9814-C756C32236C8}.Release|Any CPU.ActiveCfg = Release|Any CPU
		{77E408DB-2BDA-4F4F-9814-C756C32236C8}.Release|Any CPU.Build.0 = Release|Any CPU
		{854C1631-AF97-4973-875D-C94C8E335B97}.Debug|Any CPU.ActiveCfg = Debug|Any CPU
		{854C1631-AF97-4973-875D-C94C8E335B97}.Debug|Any CPU.Build.0 = Debug|Any CPU
		{854C1631-AF97-4973-875D-C94C8E335B97}.Release|Any CPU.ActiveCfg = Release|Any CPU
		{854C1631-AF97-4973-875D-C94C8E335B97}.Release|Any CPU.Build.0 = Release|Any CPU
		{28113685-32E3-4650-A911-DCEC1796ADA3}.Debug|Any CPU.ActiveCfg = Debug|Any CPU
		{28113685-32E3-4650-A911-DCEC1796ADA3}.Debug|Any CPU.Build.0 = Debug|Any CPU
		{28113685-32E3-4650-A911-DCEC1796ADA3}.Release|Any CPU.ActiveCfg = Release|Any CPU
		{28113685-32E3-4650-A911-DCEC1796ADA3}.Release|Any CPU.Build.0 = Release|Any CPU
		{03BA38E2-8ECA-4A51-A60B-93B4190CF283}.Debug|Any CPU.ActiveCfg = Debug|Any CPU
		{03BA38E2-8ECA-4A51-A60B-93B4190CF283}.Debug|Any CPU.Build.0 = Debug|Any CPU
		{03BA38E2-8ECA-4A51-A60B-93B4190CF283}.Release|Any CPU.ActiveCfg = Release|Any CPU
		{03BA38E2-8ECA-4A51-A60B-93B4190CF283}.Release|Any CPU.Build.0 = Release|Any CPU
		{CC4F4F32-CADA-46FB-8AF9-456EFF3D2AD7}.Debug|Any CPU.ActiveCfg = Debug|Any CPU
		{CC4F4F32-CADA-46FB-8AF9-456EFF3D2AD7}.Debug|Any CPU.Build.0 = Debug|Any CPU
		{CC4F4F32-CADA-46FB-8AF9-456EFF3D2AD7}.Release|Any CPU.ActiveCfg = Release|Any CPU
		{CC4F4F32-CADA-46FB-8AF9-456EFF3D2AD7}.Release|Any CPU.Build.0 = Release|Any CPU
		{B9523DE9-1A97-41D3-8E0D-98CEBA310754}.Debug|Any CPU.ActiveCfg = Debug|Any CPU
		{B9523DE9-1A97-41D3-8E0D-98CEBA310754}.Debug|Any CPU.Build.0 = Debug|Any CPU
		{B9523DE9-1A97-41D3-8E0D-98CEBA310754}.Release|Any CPU.ActiveCfg = Release|Any CPU
		{B9523DE9-1A97-41D3-8E0D-98CEBA310754}.Release|Any CPU.Build.0 = Release|Any CPU
		{0FC1A2C4-DAE5-41D3-B0AE-9BEE97B4BA1A}.Debug|Any CPU.ActiveCfg = Debug|Any CPU
		{0FC1A2C4-DAE5-41D3-B0AE-9BEE97B4BA1A}.Debug|Any CPU.Build.0 = Debug|Any CPU
		{0FC1A2C4-DAE5-41D3-B0AE-9BEE97B4BA1A}.Release|Any CPU.ActiveCfg = Release|Any CPU
		{0FC1A2C4-DAE5-41D3-B0AE-9BEE97B4BA1A}.Release|Any CPU.Build.0 = Release|Any CPU
		{4341EB4D-3FA2-43A9-9A02-52FBC8038F50}.Debug|Any CPU.ActiveCfg = Debug|Any CPU
		{4341EB4D-3FA2-43A9-9A02-52FBC8038F50}.Debug|Any CPU.Build.0 = Debug|Any CPU
		{4341EB4D-3FA2-43A9-9A02-52FBC8038F50}.Release|Any CPU.ActiveCfg = Release|Any CPU
		{4341EB4D-3FA2-43A9-9A02-52FBC8038F50}.Release|Any CPU.Build.0 = Release|Any CPU
		{15E36DF4-E90D-40BC-AE8F-BC42412E25D8}.Debug|Any CPU.ActiveCfg = Debug|Any CPU
		{15E36DF4-E90D-40BC-AE8F-BC42412E25D8}.Debug|Any CPU.Build.0 = Debug|Any CPU
		{15E36DF4-E90D-40BC-AE8F-BC42412E25D8}.Release|Any CPU.ActiveCfg = Release|Any CPU
		{15E36DF4-E90D-40BC-AE8F-BC42412E25D8}.Release|Any CPU.Build.0 = Release|Any CPU
		{A04EA971-11A3-454E-9BE1-E6BEF135B434}.Debug|Any CPU.ActiveCfg = Debug|Any CPU
		{A04EA971-11A3-454E-9BE1-E6BEF135B434}.Debug|Any CPU.Build.0 = Debug|Any CPU
		{A04EA971-11A3-454E-9BE1-E6BEF135B434}.Release|Any CPU.ActiveCfg = Release|Any CPU
		{A04EA971-11A3-454E-9BE1-E6BEF135B434}.Release|Any CPU.Build.0 = Release|Any CPU
		{6041644A-BD2E-422D-B0C6-CD227458D60A}.Debug|Any CPU.ActiveCfg = Debug|Any CPU
		{6041644A-BD2E-422D-B0C6-CD227458D60A}.Debug|Any CPU.Build.0 = Debug|Any CPU
		{6041644A-BD2E-422D-B0C6-CD227458D60A}.Release|Any CPU.ActiveCfg = Release|Any CPU
		{6041644A-BD2E-422D-B0C6-CD227458D60A}.Release|Any CPU.Build.0 = Release|Any CPU
		{F4D4BFF1-7E71-4489-9342-B003D1CFE53F}.Debug|Any CPU.ActiveCfg = Debug|Any CPU
		{F4D4BFF1-7E71-4489-9342-B003D1CFE53F}.Debug|Any CPU.Build.0 = Debug|Any CPU
		{F4D4BFF1-7E71-4489-9342-B003D1CFE53F}.Release|Any CPU.ActiveCfg = Release|Any CPU
		{F4D4BFF1-7E71-4489-9342-B003D1CFE53F}.Release|Any CPU.Build.0 = Release|Any CPU
		{972B82A1-81D3-4986-9C15-65B1B2476D3E}.Debug|Any CPU.ActiveCfg = Debug|Any CPU
		{972B82A1-81D3-4986-9C15-65B1B2476D3E}.Debug|Any CPU.Build.0 = Debug|Any CPU
		{972B82A1-81D3-4986-9C15-65B1B2476D3E}.Release|Any CPU.ActiveCfg = Release|Any CPU
		{972B82A1-81D3-4986-9C15-65B1B2476D3E}.Release|Any CPU.Build.0 = Release|Any CPU
		{486EC6F2-5CC4-48EB-9CA6-6B8FF26B2110}.Debug|Any CPU.ActiveCfg = Debug|Any CPU
		{486EC6F2-5CC4-48EB-9CA6-6B8FF26B2110}.Debug|Any CPU.Build.0 = Debug|Any CPU
		{486EC6F2-5CC4-48EB-9CA6-6B8FF26B2110}.Release|Any CPU.ActiveCfg = Release|Any CPU
		{486EC6F2-5CC4-48EB-9CA6-6B8FF26B2110}.Release|Any CPU.Build.0 = Release|Any CPU
		{8C13F83E-9262-46A7-8C1E-B307B48CAC35}.Debug|Any CPU.ActiveCfg = Debug|Any CPU
		{8C13F83E-9262-46A7-8C1E-B307B48CAC35}.Debug|Any CPU.Build.0 = Debug|Any CPU
		{8C13F83E-9262-46A7-8C1E-B307B48CAC35}.Release|Any CPU.ActiveCfg = Release|Any CPU
		{8C13F83E-9262-46A7-8C1E-B307B48CAC35}.Release|Any CPU.Build.0 = Release|Any CPU
	EndGlobalSection
	GlobalSection(SolutionProperties) = preSolution
		HideSolutionNode = FALSE
	EndGlobalSection
	GlobalSection(NestedProjects) = preSolution
		{709FD18A-516A-43AD-8D89-F85C230CA74F} = {99D91965-EF25-4B2C-B176-133B8D47B399}
		{CA91C5A2-AB58-44DE-A72D-8E985717FCC5} = {D3EDC65E-B76F-40B0-9EEC-CCA172D0B165}
		{E5C8214A-52F1-4F1C-BFEB-FCAF03113FA1} = {D3EDC65E-B76F-40B0-9EEC-CCA172D0B165}
		{E6711455-2661-4F8A-B4AD-9BC8D1B714E7} = {5D6906B8-B50B-4E20-8677-5D364F9840F6}
		{08E8B670-C69E-4F8E-BEB8-26CA3FC9CA52} = {5D6906B8-B50B-4E20-8677-5D364F9840F6}
		{562FA530-3242-49B8-BA06-A66E5CD4ED63} = {08E8B670-C69E-4F8E-BEB8-26CA3FC9CA52}
		{B9AFDC89-A403-402E-807C-22C4138FDAF5} = {08E8B670-C69E-4F8E-BEB8-26CA3FC9CA52}
		{3029E4C1-2634-46F2-B834-D19BECA690AA} = {B9AFDC89-A403-402E-807C-22C4138FDAF5}
		{99D91965-EF25-4B2C-B176-133B8D47B399} = {2DBACB3F-7FEC-4941-ADC8-9910228BD3C4}
		{875F64B1-A821-45A7-BE41-432AF80051C2} = {2DBACB3F-7FEC-4941-ADC8-9910228BD3C4}
		{559631D0-2556-40E6-9027-23EE38CC2C48} = {2DBACB3F-7FEC-4941-ADC8-9910228BD3C4}
		{11F7A98D-31B4-45BC-9149-2AA630624871} = {B9AFDC89-A403-402E-807C-22C4138FDAF5}
		{76316613-E7F3-4B87-8E75-6C7F19480789} = {5D6906B8-B50B-4E20-8677-5D364F9840F6}
		{D560B414-B996-4B5B-AFE4-82194FD9BFA1} = {76316613-E7F3-4B87-8E75-6C7F19480789}
		{36B00FBC-4B3F-441C-97F2-CF2B7F9AEF78} = {76316613-E7F3-4B87-8E75-6C7F19480789}
		{1C1997E3-49C7-43BE-97B3-C222C06599DB} = {76316613-E7F3-4B87-8E75-6C7F19480789}
		{A55A630B-FA36-4CD8-A58F-FB4612DC90DE} = {D560B414-B996-4B5B-AFE4-82194FD9BFA1}
		{EB299A47-A777-4B8F-A930-CEBA71B8598E} = {D560B414-B996-4B5B-AFE4-82194FD9BFA1}
		{5D40AABA-D31A-4D9F-B997-5FB8772D69EF} = {76316613-E7F3-4B87-8E75-6C7F19480789}
		{28113685-32E3-4650-A911-DCEC1796ADA3} = {76316613-E7F3-4B87-8E75-6C7F19480789}
		{CC4F4F32-CADA-46FB-8AF9-456EFF3D2AD7} = {76316613-E7F3-4B87-8E75-6C7F19480789}
		{B9523DE9-1A97-41D3-8E0D-98CEBA310754} = {B9AFDC89-A403-402E-807C-22C4138FDAF5}
		{F4D4BFF1-7E71-4489-9342-B003D1CFE53F} = {D560B414-B996-4B5B-AFE4-82194FD9BFA1}
		{6347629E-E044-4219-9C3B-4F061B5190B0} = {E6711455-2661-4F8A-B4AD-9BC8D1B714E7}
		{0A22EC73-6FA4-4295-A7B7-9F45533F646E} = {E6711455-2661-4F8A-B4AD-9BC8D1B714E7}
		{D3EDC65E-B76F-40B0-9EEC-CCA172D0B165} = {0A22EC73-6FA4-4295-A7B7-9F45533F646E}
		{69CECF7A-5A70-4F9F-821E-BA0EB030D8A9} = {6347629E-E044-4219-9C3B-4F061B5190B0}
		{FF2C1DD8-2EFD-4B9A-8E99-AB8CCA2C9231} = {69CECF7A-5A70-4F9F-821E-BA0EB030D8A9}
		{15E36DF4-E90D-40BC-AE8F-BC42412E25D8} = {69CECF7A-5A70-4F9F-821E-BA0EB030D8A9}
		{B0069B0D-5233-420E-963F-AEB119186387} = {69CECF7A-5A70-4F9F-821E-BA0EB030D8A9}
		{A04EA971-11A3-454E-9BE1-E6BEF135B434} = {69CECF7A-5A70-4F9F-821E-BA0EB030D8A9}
		{6041644A-BD2E-422D-B0C6-CD227458D60A} = {69CECF7A-5A70-4F9F-821E-BA0EB030D8A9}
		{0FC1A2C4-DAE5-41D3-B0AE-9BEE97B4BA1A} = {6347629E-E044-4219-9C3B-4F061B5190B0}
		{8583CDF9-BE01-4C0F-995D-81C2C82CBB0A} = {6347629E-E044-4219-9C3B-4F061B5190B0}
		{4341EB4D-3FA2-43A9-9A02-52FBC8038F50} = {6347629E-E044-4219-9C3B-4F061B5190B0}
		{736FAD9F-34D6-40FC-B96A-421DAC4AA8E0} = {0A22EC73-6FA4-4295-A7B7-9F45533F646E}
		{854C1631-AF97-4973-875D-C94C8E335B97} = {0A22EC73-6FA4-4295-A7B7-9F45533F646E}
		{C7E52D4B-0163-49D9-BF0F-549DBCBA25F1} = {0A22EC73-6FA4-4295-A7B7-9F45533F646E}
		{CA7816F3-2999-4241-A496-64DC0592ABDF} = {0A22EC73-6FA4-4295-A7B7-9F45533F646E}
		{4B5E98F2-B735-438A-BA18-AD066353327C} = {0A22EC73-6FA4-4295-A7B7-9F45533F646E}
		{77E408DB-2BDA-4F4F-9814-C756C32236C8} = {0A22EC73-6FA4-4295-A7B7-9F45533F646E}
		{976E2F12-0A56-4A6D-A2D0-44E6C59FAB91} = {08E8B670-C69E-4F8E-BEB8-26CA3FC9CA52}
		{03BA38E2-8ECA-4A51-A60B-93B4190CF283} = {08E8B670-C69E-4F8E-BEB8-26CA3FC9CA52}
		{972B82A1-81D3-4986-9C15-65B1B2476D3E} = {E6711455-2661-4F8A-B4AD-9BC8D1B714E7}
		{486EC6F2-5CC4-48EB-9CA6-6B8FF26B2110} = {08E8B670-C69E-4F8E-BEB8-26CA3FC9CA52}
		{8C13F83E-9262-46A7-8C1E-B307B48CAC35} = {0A22EC73-6FA4-4295-A7B7-9F45533F646E}
	EndGlobalSection
	GlobalSection(ExtensibilityGlobals) = postSolution
		SolutionGuid = {B441AF2E-2F75-434D-8F61-6DFE23D2935C}
	EndGlobalSection
EndGlobal
