
Microsoft Visual Studio Solution File, Format Version 12.00
# Visual Studio Version 16
VisualStudioVersion = 16.0.30011.22
MinimumVisualStudioVersion = 10.0.40219.1
Project("{9A19103F-16F7-4668-BE54-9A1E7A4F7556}") = "QueryAny", "QueryAny\QueryAny.csproj", "{875F64B1-A821-45A7-BE41-432AF80051C2}"
EndProject
Project("{9A19103F-16F7-4668-BE54-9A1E7A4F7556}") = "QueryAny.UnitTests", "QueryAny.UnitTests\QueryAny.UnitTests.csproj", "{709FD18A-516A-43AD-8D89-F85C230CA74F}"
EndProject
Project("{2150E333-8FDC-42A3-9474-1A3956D46DE8}") = "Tests", "Tests", "{99D91965-EF25-4B2C-B176-133B8D47B399}"
EndProject
Project("{2150E333-8FDC-42A3-9474-1A3956D46DE8}") = "SolutionItems", "SolutionItems", "{26E6E2CD-1CB2-4B7E-BAA8-D67835F58948}"
ProjectSection(SolutionItems) = preProject
	..\.github\workflows\build.yml = ..\.github\workflows\build.yml
	..\.github\workflows\release.yml = ..\.github\workflows\release.yml
	..\CONTRIBUTING.md = ..\CONTRIBUTING.md
	..\README.md = ..\README.md
	GlobalAssemblyInfo.cs = GlobalAssemblyInfo.cs
				Directory.Build.props = Directory.Build.props
EndProjectSection
EndProject
Global
	GlobalSection(SolutionConfigurationPlatforms) = preSolution
		Debug|Any CPU = Debug|Any CPU
		Release|Any CPU = Release|Any CPU
	EndGlobalSection
	GlobalSection(ProjectConfigurationPlatforms) = postSolution
		{875F64B1-A821-45A7-BE41-432AF80051C2}.Debug|Any CPU.ActiveCfg = Debug|Any CPU
		{875F64B1-A821-45A7-BE41-432AF80051C2}.Debug|Any CPU.Build.0 = Debug|Any CPU
		{875F64B1-A821-45A7-BE41-432AF80051C2}.Release|Any CPU.ActiveCfg = Release|Any CPU
		{875F64B1-A821-45A7-BE41-432AF80051C2}.Release|Any CPU.Build.0 = Release|Any CPU
		{709FD18A-516A-43AD-8D89-F85C230CA74F}.Debug|Any CPU.ActiveCfg = Debug|Any CPU
		{709FD18A-516A-43AD-8D89-F85C230CA74F}.Debug|Any CPU.Build.0 = Debug|Any CPU
		{709FD18A-516A-43AD-8D89-F85C230CA74F}.Release|Any CPU.ActiveCfg = Release|Any CPU
		{709FD18A-516A-43AD-8D89-F85C230CA74F}.Release|Any CPU.Build.0 = Release|Any CPU
	EndGlobalSection
	GlobalSection(SolutionProperties) = preSolution
		HideSolutionNode = FALSE
	EndGlobalSection
	GlobalSection(NestedProjects) = preSolution
		{709FD18A-516A-43AD-8D89-F85C230CA74F} = {99D91965-EF25-4B2C-B176-133B8D47B399}
	EndGlobalSection
	GlobalSection(ExtensibilityGlobals) = postSolution
		SolutionGuid = {B441AF2E-2F75-434D-8F61-6DFE23D2935C}
	EndGlobalSection
EndGlobal
