
Microsoft Visual Studio Solution File, Format Version 12.00
# Visual Studio Version 16
VisualStudioVersion = 16.0.30011.22
MinimumVisualStudioVersion = 10.0.40219.1
Project("{9A19103F-16F7-4668-BE54-9A1E7A4F7556}") = "QueryAny", "QueryAny\QueryAny.csproj", "{875F64B1-A821-45A7-BE41-432AF80051C2}"
EndProject
Project("{9A19103F-16F7-4668-BE54-9A1E7A4F7556}") = "QueryAny.UnitTests", "QueryAny.UnitTests\QueryAny.UnitTests.csproj", "{709FD18A-516A-43AD-8D89-F85C230CA74F}"
EndProject
Project("{2150E333-8FDC-42A3-9474-1A3956D46DE8}") = "Samples", "Samples", "{5D6906B8-B50B-4E20-8677-5D364F9840F6}"
ProjectSection(SolutionItems) = preProject
	..\samples\ri\README.md = ..\samples\ri\README.md
EndProjectSection
EndProject
Project("{9A19103F-16F7-4668-BE54-9A1E7A4F7556}") = "CarsDomain", "..\samples\ri\CarsDomain\CarsDomain.csproj", "{976E2F12-0A56-4A6D-A2D0-44E6C59FAB91}"
EndProject
Project("{9A19103F-16F7-4668-BE54-9A1E7A4F7556}") = "Storage.Interfaces", "..\samples\ri\Storage.Interfaces\Storage.Interfaces.csproj", "{5D40AABA-D31A-4D9F-B997-5FB8772D69EF}"
EndProject
Project("{9A19103F-16F7-4668-BE54-9A1E7A4F7556}") = "Services.Interfaces", "..\samples\ri\Services.Interfaces\Services.Interfaces.csproj", "{562FA530-3242-49B8-BA06-A66E5CD4ED63}"
EndProject
Project("{9A19103F-16F7-4668-BE54-9A1E7A4F7556}") = "CarsApi", "..\samples\ri\CarsApi\CarsApi.csproj", "{8583CDF9-BE01-4C0F-995D-81C2C82CBB0A}"
EndProject
Project("{9A19103F-16F7-4668-BE54-9A1E7A4F7556}") = "Storage", "..\samples\ri\Storage\Storage.csproj", "{C7E52D4B-0163-49D9-BF0F-549DBCBA25F1}"
EndProject
Project("{9A19103F-16F7-4668-BE54-9A1E7A4F7556}") = "Storage.UnitTests", "..\samples\ri\Storage.UnitTests\Storage.UnitTests.csproj", "{CA91C5A2-AB58-44DE-A72D-8E985717FCC5}"
EndProject
Project("{9A19103F-16F7-4668-BE54-9A1E7A4F7556}") = "CarsApi.IntegrationTests", "..\samples\ri\CarsApi.IntegrationTests\CarsApi.IntegrationTests.csproj", "{B0069B0D-5233-420E-963F-AEB119186387}"
EndProject
Project("{2150E333-8FDC-42A3-9474-1A3956D46DE8}") = "Tests", "Tests", "{D3EDC65E-B76F-40B0-9EEC-CCA172D0B165}"
EndProject
Project("{9A19103F-16F7-4668-BE54-9A1E7A4F7556}") = "QueryAny.Primitives", "QueryAny.Primitives\QueryAny.Primitives.csproj", "{559631D0-2556-40E6-9027-23EE38CC2C48}"
EndProject
Project("{9A19103F-16F7-4668-BE54-9A1E7A4F7556}") = "Services.Interfaces.UnitTests", "Services.Interfaces.UnitTests\Services.Interfaces.UnitTests.csproj", "{11F7A98D-31B4-45BC-9149-2AA630624871}"
EndProject
Project("{FAE04EC0-301F-11D3-BF4B-00C04F79EFBC}") = "CarsApi.UnitTests", "..\samples\ri\CarsApi.UnitTests\CarsApi.UnitTests.csproj", "{FF2C1DD8-2EFD-4B9A-8E99-AB8CCA2C9231}"
EndProject
Project("{2150E333-8FDC-42A3-9474-1A3956D46DE8}") = "Tests", "Tests", "{99D91965-EF25-4B2C-B176-133B8D47B399}"
EndProject
Project("{2150E333-8FDC-42A3-9474-1A3956D46DE8}") = "SolutionItems", "SolutionItems", "{C5F18BD2-DF36-40D6-9C9C-36291FA04147}"
ProjectSection(SolutionItems) = preProject
	..\README.md = ..\README.md
EndProjectSection
EndProject
Global
	GlobalSection(SolutionConfigurationPlatforms) = preSolution
		Debug|Any CPU = Debug|Any CPU
		Release|Any CPU = Release|Any CPU
	EndGlobalSection
	GlobalSection(ProjectConfigurationPlatforms) = postSolution
		{875F64B1-A821-45A7-BE41-432AF80051C2}.Debug|Any CPU.ActiveCfg = Debug|Any CPU
		{875F64B1-A821-45A7-BE41-432AF80051C2}.Debug|Any CPU.Build.0 = Debug|Any CPU
		{875F64B1-A821-45A7-BE41-432AF80051C2}.Release|Any CPU.ActiveCfg = Release|Any CPU
		{875F64B1-A821-45A7-BE41-432AF80051C2}.Release|Any CPU.Build.0 = Release|Any CPU
		{709FD18A-516A-43AD-8D89-F85C230CA74F}.Debug|Any CPU.ActiveCfg = Debug|Any CPU
		{709FD18A-516A-43AD-8D89-F85C230CA74F}.Debug|Any CPU.Build.0 = Debug|Any CPU
		{709FD18A-516A-43AD-8D89-F85C230CA74F}.Release|Any CPU.ActiveCfg = Release|Any CPU
		{709FD18A-516A-43AD-8D89-F85C230CA74F}.Release|Any CPU.Build.0 = Release|Any CPU
		{976E2F12-0A56-4A6D-A2D0-44E6C59FAB91}.Debug|Any CPU.ActiveCfg = Debug|Any CPU
		{976E2F12-0A56-4A6D-A2D0-44E6C59FAB91}.Debug|Any CPU.Build.0 = Debug|Any CPU
		{976E2F12-0A56-4A6D-A2D0-44E6C59FAB91}.Release|Any CPU.ActiveCfg = Release|Any CPU
		{976E2F12-0A56-4A6D-A2D0-44E6C59FAB91}.Release|Any CPU.Build.0 = Release|Any CPU
		{5D40AABA-D31A-4D9F-B997-5FB8772D69EF}.Debug|Any CPU.ActiveCfg = Debug|Any CPU
		{5D40AABA-D31A-4D9F-B997-5FB8772D69EF}.Debug|Any CPU.Build.0 = Debug|Any CPU
		{5D40AABA-D31A-4D9F-B997-5FB8772D69EF}.Release|Any CPU.ActiveCfg = Release|Any CPU
		{5D40AABA-D31A-4D9F-B997-5FB8772D69EF}.Release|Any CPU.Build.0 = Release|Any CPU
		{562FA530-3242-49B8-BA06-A66E5CD4ED63}.Debug|Any CPU.ActiveCfg = Debug|Any CPU
		{562FA530-3242-49B8-BA06-A66E5CD4ED63}.Debug|Any CPU.Build.0 = Debug|Any CPU
		{562FA530-3242-49B8-BA06-A66E5CD4ED63}.Release|Any CPU.ActiveCfg = Release|Any CPU
		{562FA530-3242-49B8-BA06-A66E5CD4ED63}.Release|Any CPU.Build.0 = Release|Any CPU
		{8583CDF9-BE01-4C0F-995D-81C2C82CBB0A}.Debug|Any CPU.ActiveCfg = Debug|Any CPU
		{8583CDF9-BE01-4C0F-995D-81C2C82CBB0A}.Debug|Any CPU.Build.0 = Debug|Any CPU
		{8583CDF9-BE01-4C0F-995D-81C2C82CBB0A}.Release|Any CPU.ActiveCfg = Release|Any CPU
		{8583CDF9-BE01-4C0F-995D-81C2C82CBB0A}.Release|Any CPU.Build.0 = Release|Any CPU
		{C7E52D4B-0163-49D9-BF0F-549DBCBA25F1}.Debug|Any CPU.ActiveCfg = Debug|Any CPU
		{C7E52D4B-0163-49D9-BF0F-549DBCBA25F1}.Debug|Any CPU.Build.0 = Debug|Any CPU
		{C7E52D4B-0163-49D9-BF0F-549DBCBA25F1}.Release|Any CPU.ActiveCfg = Release|Any CPU
		{C7E52D4B-0163-49D9-BF0F-549DBCBA25F1}.Release|Any CPU.Build.0 = Release|Any CPU
		{CA91C5A2-AB58-44DE-A72D-8E985717FCC5}.Debug|Any CPU.ActiveCfg = Debug|Any CPU
		{CA91C5A2-AB58-44DE-A72D-8E985717FCC5}.Debug|Any CPU.Build.0 = Debug|Any CPU
		{CA91C5A2-AB58-44DE-A72D-8E985717FCC5}.Release|Any CPU.ActiveCfg = Release|Any CPU
		{CA91C5A2-AB58-44DE-A72D-8E985717FCC5}.Release|Any CPU.Build.0 = Release|Any CPU
		{B0069B0D-5233-420E-963F-AEB119186387}.Debug|Any CPU.ActiveCfg = Debug|Any CPU
		{B0069B0D-5233-420E-963F-AEB119186387}.Debug|Any CPU.Build.0 = Debug|Any CPU
		{B0069B0D-5233-420E-963F-AEB119186387}.Release|Any CPU.ActiveCfg = Release|Any CPU
		{B0069B0D-5233-420E-963F-AEB119186387}.Release|Any CPU.Build.0 = Release|Any CPU
		{559631D0-2556-40E6-9027-23EE38CC2C48}.Debug|Any CPU.ActiveCfg = Debug|Any CPU
		{559631D0-2556-40E6-9027-23EE38CC2C48}.Debug|Any CPU.Build.0 = Debug|Any CPU
		{559631D0-2556-40E6-9027-23EE38CC2C48}.Release|Any CPU.ActiveCfg = Release|Any CPU
		{559631D0-2556-40E6-9027-23EE38CC2C48}.Release|Any CPU.Build.0 = Release|Any CPU
		{11F7A98D-31B4-45BC-9149-2AA630624871}.Debug|Any CPU.ActiveCfg = Debug|Any CPU
		{11F7A98D-31B4-45BC-9149-2AA630624871}.Debug|Any CPU.Build.0 = Debug|Any CPU
		{11F7A98D-31B4-45BC-9149-2AA630624871}.Release|Any CPU.ActiveCfg = Release|Any CPU
		{11F7A98D-31B4-45BC-9149-2AA630624871}.Release|Any CPU.Build.0 = Release|Any CPU
		{FF2C1DD8-2EFD-4B9A-8E99-AB8CCA2C9231}.Debug|Any CPU.ActiveCfg = Debug|Any CPU
		{FF2C1DD8-2EFD-4B9A-8E99-AB8CCA2C9231}.Debug|Any CPU.Build.0 = Debug|Any CPU
		{FF2C1DD8-2EFD-4B9A-8E99-AB8CCA2C9231}.Release|Any CPU.ActiveCfg = Release|Any CPU
		{FF2C1DD8-2EFD-4B9A-8E99-AB8CCA2C9231}.Release|Any CPU.Build.0 = Release|Any CPU
	EndGlobalSection
	GlobalSection(SolutionProperties) = preSolution
		HideSolutionNode = FALSE
	EndGlobalSection
	GlobalSection(NestedProjects) = preSolution
		{709FD18A-516A-43AD-8D89-F85C230CA74F} = {99D91965-EF25-4B2C-B176-133B8D47B399}
		{976E2F12-0A56-4A6D-A2D0-44E6C59FAB91} = {5D6906B8-B50B-4E20-8677-5D364F9840F6}
		{5D40AABA-D31A-4D9F-B997-5FB8772D69EF} = {5D6906B8-B50B-4E20-8677-5D364F9840F6}
		{562FA530-3242-49B8-BA06-A66E5CD4ED63} = {5D6906B8-B50B-4E20-8677-5D364F9840F6}
		{8583CDF9-BE01-4C0F-995D-81C2C82CBB0A} = {5D6906B8-B50B-4E20-8677-5D364F9840F6}
		{C7E52D4B-0163-49D9-BF0F-549DBCBA25F1} = {5D6906B8-B50B-4E20-8677-5D364F9840F6}
		{CA91C5A2-AB58-44DE-A72D-8E985717FCC5} = {D3EDC65E-B76F-40B0-9EEC-CCA172D0B165}
		{B0069B0D-5233-420E-963F-AEB119186387} = {D3EDC65E-B76F-40B0-9EEC-CCA172D0B165}
		{D3EDC65E-B76F-40B0-9EEC-CCA172D0B165} = {5D6906B8-B50B-4E20-8677-5D364F9840F6}
		{11F7A98D-31B4-45BC-9149-2AA630624871} = {D3EDC65E-B76F-40B0-9EEC-CCA172D0B165}
		{FF2C1DD8-2EFD-4B9A-8E99-AB8CCA2C9231} = {D3EDC65E-B76F-40B0-9EEC-CCA172D0B165}
	EndGlobalSection
	GlobalSection(ExtensibilityGlobals) = postSolution
		SolutionGuid = {B441AF2E-2F75-434D-8F61-6DFE23D2935C}
	EndGlobalSection
EndGlobal
